
Microsoft Visual Studio Solution File, Format Version 12.00
# Visual Studio 2013
VisualStudioVersion = 12.0.31101.0
MinimumVisualStudioVersion = 10.0.40219.1
Project("{FAE04EC0-301F-11D3-BF4B-00C04F79EFBC}") = "JavaJamAjax", "JavaJamAjax\JavaJamAjax.csproj", "{371CF043-C983-4457-B552-1F37F07A0A6E}"
EndProject
Project("{2150E333-8FDC-42A3-9474-1A3956D46DE8}") = "doc", "doc", "{E04788F9-4869-4CC3-8C89-A0CAF492A461}"
	ProjectSection(SolutionItems) = preProject
		25-AjaxAndWeb.API .pdf = 25-AjaxAndWeb.API .pdf
		Comments.docx = Comments.docx
		Comments.pdf = Comments.pdf
	EndProjectSection
EndProject
Global
	GlobalSection(SolutionConfigurationPlatforms) = preSolution
		Debug|Any CPU = Debug|Any CPU
		Release|Any CPU = Release|Any CPU
	EndGlobalSection
	GlobalSection(ProjectConfigurationPlatforms) = postSolution
		{371CF043-C983-4457-B552-1F37F07A0A6E}.Debug|Any CPU.ActiveCfg = Debug|Any CPU
		{371CF043-C983-4457-B552-1F37F07A0A6E}.Debug|Any CPU.Build.0 = Debug|Any CPU
		{371CF043-C983-4457-B552-1F37F07A0A6E}.Release|Any CPU.ActiveCfg = Release|Any CPU
		{371CF043-C983-4457-B552-1F37F07A0A6E}.Release|Any CPU.Build.0 = Release|Any CPU
	EndGlobalSection
	GlobalSection(SolutionProperties) = preSolution
		HideSolutionNode = FALSE
	EndGlobalSection
EndGlobal
